
Microsoft Visual Studio Solution File, Format Version 12.00
# Visual Studio Version 17
VisualStudioVersion = 17.8.34330.188
MinimumVisualStudioVersion = 10.0.40219.1
Project("{FAE04EC0-301F-11D3-BF4B-00C04F79EFBC}") = "LearnKestrel", "LearnKestrel\LearnKestrel.csproj", "{5254A822-D28C-4784-9FDC-FBCD8B27F0B8}"
EndProject
Global
	GlobalSection(SolutionConfigurationPlatforms) = preSolution
		Debug|Any CPU = Debug|Any CPU
		Release|Any CPU = Release|Any CPU
	EndGlobalSection
	GlobalSection(ProjectConfigurationPlatforms) = postSolution
		{5254A822-D28C-4784-9FDC-FBCD8B27F0B8}.Debug|Any CPU.ActiveCfg = Debug|Any CPU
		{5254A822-D28C-4784-9FDC-FBCD8B27F0B8}.Debug|Any CPU.Build.0 = Debug|Any CPU
		{5254A822-D28C-4784-9FDC-FBCD8B27F0B8}.Release|Any CPU.ActiveCfg = Release|Any CPU
		{5254A822-D28C-4784-9FDC-FBCD8B27F0B8}.Release|Any CPU.Build.0 = Release|Any CPU
	EndGlobalSection
	GlobalSection(SolutionProperties) = preSolution
		HideSolutionNode = FALSE
	EndGlobalSection
	GlobalSection(ExtensibilityGlobals) = postSolution
		SolutionGuid = {3F173C53-14B2-4CFE-823A-13E7F187A9CB}
	EndGlobalSection
EndGlobal
